// !$*UTF8*$!
{
	archiveVersion = 1;
	classes = {
	};
	objectVersion = 50;
	objects = {

/* Begin PBXBuildFile section */
		D90EE32023EEEE0600EBC48F /* SubscriptionCell.swift in Sources */ = {isa = PBXBuildFile; fileRef = D90EE31F23EEEE0600EBC48F /* SubscriptionCell.swift */; };
		D94597C623D2CAC500D8E727 /* MenuBar.swift in Sources */ = {isa = PBXBuildFile; fileRef = D94597C523D2CAC500D8E727 /* MenuBar.swift */; };
		D967CB0E23E851180018C509 /* FeedCell.swift in Sources */ = {isa = PBXBuildFile; fileRef = D967CB0D23E851180018C509 /* FeedCell.swift */; };
		D97525B123E9A315009B1444 /* TrendingCell.swift in Sources */ = {isa = PBXBuildFile; fileRef = D97525B023E9A315009B1444 /* TrendingCell.swift */; };
		D977876623E320AF005E520A /* ApiService.swift in Sources */ = {isa = PBXBuildFile; fileRef = D977876523E320AF005E520A /* ApiService.swift */; };
		D9859F9823D9B1230035D739 /* SettingCell.swift in Sources */ = {isa = PBXBuildFile; fileRef = D9859F9723D9B1230035D739 /* SettingCell.swift */; };
		D991B59023F304AF001A2840 /* VideoLauncher.swift in Sources */ = {isa = PBXBuildFile; fileRef = D991B58F23F304AF001A2840 /* VideoLauncher.swift */; };
		D99398CE23D1BBEC0097E5CA /* Extensions.swift in Sources */ = {isa = PBXBuildFile; fileRef = D99398CD23D1BBEC0097E5CA /* Extensions.swift */; };
		D99398D123D1BC7A0097E5CA /* VideoCell.swift in Sources */ = {isa = PBXBuildFile; fileRef = D99398D023D1BC7A0097E5CA /* VideoCell.swift */; };
		D9CD2B2623D897C000702D3A /* SettingsLauncher.swift in Sources */ = {isa = PBXBuildFile; fileRef = D9CD2B2523D897C000702D3A /* SettingsLauncher.swift */; };
		D9E8958A23D0B2790078117A /* AppDelegate.swift in Sources */ = {isa = PBXBuildFile; fileRef = D9E8958923D0B2790078117A /* AppDelegate.swift */; };
		D9E8958C23D0B2790078117A /* SceneDelegate.swift in Sources */ = {isa = PBXBuildFile; fileRef = D9E8958B23D0B2790078117A /* SceneDelegate.swift */; };
		D9E8958E23D0B2790078117A /* HomeController.swift in Sources */ = {isa = PBXBuildFile; fileRef = D9E8958D23D0B2790078117A /* HomeController.swift */; };
		D9E8959123D0B2790078117A /* Main.storyboard in Resources */ = {isa = PBXBuildFile; fileRef = D9E8958F23D0B2790078117A /* Main.storyboard */; };
		D9E8959323D0B27C0078117A /* Assets.xcassets in Resources */ = {isa = PBXBuildFile; fileRef = D9E8959223D0B27C0078117A /* Assets.xcassets */; };
		D9E8959623D0B27C0078117A /* LaunchScreen.storyboard in Resources */ = {isa = PBXBuildFile; fileRef = D9E8959423D0B27C0078117A /* LaunchScreen.storyboard */; };
		D9F966B523D59F6900D04C5F /* Video.swift in Sources */ = {isa = PBXBuildFile; fileRef = D9F966B423D59F6900D04C5F /* Video.swift */; };
/* End PBXBuildFile section */

/* Begin PBXFileReference section */
		D90EE31F23EEEE0600EBC48F /* SubscriptionCell.swift */ = {isa = PBXFileReference; lastKnownFileType = sourcecode.swift; path = SubscriptionCell.swift; sourceTree = "<group>"; };
		D94597C523D2CAC500D8E727 /* MenuBar.swift */ = {isa = PBXFileReference; lastKnownFileType = sourcecode.swift; path = MenuBar.swift; sourceTree = "<group>"; };
		D967CB0D23E851180018C509 /* FeedCell.swift */ = {isa = PBXFileReference; lastKnownFileType = sourcecode.swift; path = FeedCell.swift; sourceTree = "<group>"; };
		D97525B023E9A315009B1444 /* TrendingCell.swift */ = {isa = PBXFileReference; lastKnownFileType = sourcecode.swift; path = TrendingCell.swift; sourceTree = "<group>"; };
		D977876523E320AF005E520A /* ApiService.swift */ = {isa = PBXFileReference; lastKnownFileType = sourcecode.swift; path = ApiService.swift; sourceTree = "<group>"; };
		D9859F9723D9B1230035D739 /* SettingCell.swift */ = {isa = PBXFileReference; lastKnownFileType = sourcecode.swift; path = SettingCell.swift; sourceTree = "<group>"; };
		D991B58F23F304AF001A2840 /* VideoLauncher.swift */ = {isa = PBXFileReference; lastKnownFileType = sourcecode.swift; path = VideoLauncher.swift; sourceTree = "<group>"; };
		D99398CD23D1BBEC0097E5CA /* Extensions.swift */ = {isa = PBXFileReference; lastKnownFileType = sourcecode.swift; path = Extensions.swift; sourceTree = "<group>"; };
		D99398D023D1BC7A0097E5CA /* VideoCell.swift */ = {isa = PBXFileReference; lastKnownFileType = sourcecode.swift; path = VideoCell.swift; sourceTree = "<group>"; };
		D9CD2B2523D897C000702D3A /* SettingsLauncher.swift */ = {isa = PBXFileReference; lastKnownFileType = sourcecode.swift; path = SettingsLauncher.swift; sourceTree = "<group>"; };
		D9E8958623D0B2790078117A /* YouTube.app */ = {isa = PBXFileReference; explicitFileType = wrapper.application; includeInIndex = 0; path = YouTube.app; sourceTree = BUILT_PRODUCTS_DIR; };
		D9E8958923D0B2790078117A /* AppDelegate.swift */ = {isa = PBXFileReference; lastKnownFileType = sourcecode.swift; path = AppDelegate.swift; sourceTree = "<group>"; };
		D9E8958B23D0B2790078117A /* SceneDelegate.swift */ = {isa = PBXFileReference; lastKnownFileType = sourcecode.swift; path = SceneDelegate.swift; sourceTree = "<group>"; };
		D9E8958D23D0B2790078117A /* HomeController.swift */ = {isa = PBXFileReference; lastKnownFileType = sourcecode.swift; path = HomeController.swift; sourceTree = "<group>"; };
		D9E8959023D0B2790078117A /* Base */ = {isa = PBXFileReference; lastKnownFileType = file.storyboard; name = Base; path = Base.lproj/Main.storyboard; sourceTree = "<group>"; };
		D9E8959223D0B27C0078117A /* Assets.xcassets */ = {isa = PBXFileReference; lastKnownFileType = folder.assetcatalog; path = Assets.xcassets; sourceTree = "<group>"; };
		D9E8959523D0B27C0078117A /* Base */ = {isa = PBXFileReference; lastKnownFileType = file.storyboard; name = Base; path = Base.lproj/LaunchScreen.storyboard; sourceTree = "<group>"; };
		D9E8959723D0B27C0078117A /* Info.plist */ = {isa = PBXFileReference; lastKnownFileType = text.plist.xml; path = Info.plist; sourceTree = "<group>"; };
		D9F966B423D59F6900D04C5F /* Video.swift */ = {isa = PBXFileReference; lastKnownFileType = sourcecode.swift; path = Video.swift; sourceTree = "<group>"; };
/* End PBXFileReference section */

/* Begin PBXFrameworksBuildPhase section */
		D9E8958323D0B2790078117A /* Frameworks */ = {
			isa = PBXFrameworksBuildPhase;
			buildActionMask = 2147483647;
			files = (
			);
			runOnlyForDeploymentPostprocessing = 0;
		};
/* End PBXFrameworksBuildPhase section */

/* Begin PBXGroup section */
		D977876423E32098005E520A /* Services */ = {
			isa = PBXGroup;
			children = (
				D977876523E320AF005E520A /* ApiService.swift */,
			);
			path = Services;
			sourceTree = "<group>";
		};
		D99398CC23D1BBD30097E5CA /* Helpers */ = {
			isa = PBXGroup;
			children = (
				D99398CD23D1BBEC0097E5CA /* Extensions.swift */,
				D991B58F23F304AF001A2840 /* VideoLauncher.swift */,
			);
			path = Helpers;
			sourceTree = "<group>";
		};
		D99398CF23D1BC410097E5CA /* Views */ = {
			isa = PBXGroup;
			children = (
				D99398D023D1BC7A0097E5CA /* VideoCell.swift */,
				D94597C523D2CAC500D8E727 /* MenuBar.swift */,
				D9859F9723D9B1230035D739 /* SettingCell.swift */,
				D967CB0D23E851180018C509 /* FeedCell.swift */,
				D97525B023E9A315009B1444 /* TrendingCell.swift */,
				D90EE31F23EEEE0600EBC48F /* SubscriptionCell.swift */,
			);
			path = Views;
			sourceTree = "<group>";
		};
		D99398D223D1BDAF0097E5CA /* Controllers */ = {
			isa = PBXGroup;
			children = (
				D9E8958D23D0B2790078117A /* HomeController.swift */,
				D9CD2B2523D897C000702D3A /* SettingsLauncher.swift */,
			);
			path = Controllers;
			sourceTree = "<group>";
		};
		D9E8957D23D0B2790078117A = {
			isa = PBXGroup;
			children = (
				D9E8958823D0B2790078117A /* YouTube */,
				D9E8958723D0B2790078117A /* Products */,
			);
			sourceTree = "<group>";
		};
		D9E8958723D0B2790078117A /* Products */ = {
			isa = PBXGroup;
			children = (
				D9E8958623D0B2790078117A /* YouTube.app */,
			);
			name = Products;
			sourceTree = "<group>";
		};
		D9E8958823D0B2790078117A /* YouTube */ = {
			isa = PBXGroup;
			children = (
				D977876423E32098005E520A /* Services */,
				D9F966B323D59F5C00D04C5F /* Models */,
				D99398D223D1BDAF0097E5CA /* Controllers */,
				D99398CF23D1BC410097E5CA /* Views */,
				D99398CC23D1BBD30097E5CA /* Helpers */,
				D9E8958923D0B2790078117A /* AppDelegate.swift */,
				D9E8958B23D0B2790078117A /* SceneDelegate.swift */,
				D9E8958F23D0B2790078117A /* Main.storyboard */,
				D9E8959223D0B27C0078117A /* Assets.xcassets */,
				D9E8959423D0B27C0078117A /* LaunchScreen.storyboard */,
				D9E8959723D0B27C0078117A /* Info.plist */,
			);
			path = YouTube;
			sourceTree = "<group>";
		};
		D9F966B323D59F5C00D04C5F /* Models */ = {
			isa = PBXGroup;
			children = (
				D9F966B423D59F6900D04C5F /* Video.swift */,
			);
			path = Models;
			sourceTree = "<group>";
		};
/* End PBXGroup section */

/* Begin PBXNativeTarget section */
		D9E8958523D0B2790078117A /* YouTube */ = {
			isa = PBXNativeTarget;
			buildConfigurationList = D9E8959A23D0B27C0078117A /* Build configuration list for PBXNativeTarget "YouTube" */;
			buildPhases = (
				D9E8958223D0B2790078117A /* Sources */,
				D9E8958323D0B2790078117A /* Frameworks */,
				D9E8958423D0B2790078117A /* Resources */,
			);
			buildRules = (
			);
			dependencies = (
			);
			name = YouTube;
			productName = YouTube;
			productReference = D9E8958623D0B2790078117A /* YouTube.app */;
			productType = "com.apple.product-type.application";
		};
/* End PBXNativeTarget section */

/* Begin PBXProject section */
		D9E8957E23D0B2790078117A /* Project object */ = {
			isa = PBXProject;
			attributes = {
				LastSwiftUpdateCheck = 1120;
				LastUpgradeCheck = 1120;
				ORGANIZATIONNAME = Myanmy;
				TargetAttributes = {
					D9E8958523D0B2790078117A = {
						CreatedOnToolsVersion = 11.2;
					};
				};
			};
			buildConfigurationList = D9E8958123D0B2790078117A /* Build configuration list for PBXProject "YouTube" */;
			compatibilityVersion = "Xcode 9.3";
			developmentRegion = en;
			hasScannedForEncodings = 0;
			knownRegions = (
				en,
				Base,
			);
			mainGroup = D9E8957D23D0B2790078117A;
			productRefGroup = D9E8958723D0B2790078117A /* Products */;
			projectDirPath = "";
			projectRoot = "";
			targets = (
				D9E8958523D0B2790078117A /* YouTube */,
			);
		};
/* End PBXProject section */

/* Begin PBXResourcesBuildPhase section */
		D9E8958423D0B2790078117A /* Resources */ = {
			isa = PBXResourcesBuildPhase;
			buildActionMask = 2147483647;
			files = (
				D9E8959623D0B27C0078117A /* LaunchScreen.storyboard in Resources */,
				D9E8959323D0B27C0078117A /* Assets.xcassets in Resources */,
				D9E8959123D0B2790078117A /* Main.storyboard in Resources */,
			);
			runOnlyForDeploymentPostprocessing = 0;
		};
/* End PBXResourcesBuildPhase section */

/* Begin PBXSourcesBuildPhase section */
		D9E8958223D0B2790078117A /* Sources */ = {
			isa = PBXSourcesBuildPhase;
			buildActionMask = 2147483647;
			files = (
				D99398D123D1BC7A0097E5CA /* VideoCell.swift in Sources */,
				D9E8958E23D0B2790078117A /* HomeController.swift in Sources */,
				D94597C623D2CAC500D8E727 /* MenuBar.swift in Sources */,
				D991B59023F304AF001A2840 /* VideoLauncher.swift in Sources */,
				D9E8958A23D0B2790078117A /* AppDelegate.swift in Sources */,
				D967CB0E23E851180018C509 /* FeedCell.swift in Sources */,
				D9CD2B2623D897C000702D3A /* SettingsLauncher.swift in Sources */,
				D90EE32023EEEE0600EBC48F /* SubscriptionCell.swift in Sources */,
				D9E8958C23D0B2790078117A /* SceneDelegate.swift in Sources */,
				D977876623E320AF005E520A /* ApiService.swift in Sources */,
				D97525B123E9A315009B1444 /* TrendingCell.swift in Sources */,
				D9F966B523D59F6900D04C5F /* Video.swift in Sources */,
				D99398CE23D1BBEC0097E5CA /* Extensions.swift in Sources */,
				D9859F9823D9B1230035D739 /* SettingCell.swift in Sources */,
			);
			runOnlyForDeploymentPostprocessing = 0;
		};
/* End PBXSourcesBuildPhase section */

/* Begin PBXVariantGroup section */
		D9E8958F23D0B2790078117A /* Main.storyboard */ = {
			isa = PBXVariantGroup;
			children = (
				D9E8959023D0B2790078117A /* Base */,
			);
			name = Main.storyboard;
			sourceTree = "<group>";
		};
		D9E8959423D0B27C0078117A /* LaunchScreen.storyboard */ = {
			isa = PBXVariantGroup;
			children = (
				D9E8959523D0B27C0078117A /* Base */,
			);
			name = LaunchScreen.storyboard;
			sourceTree = "<group>";
		};
/* End PBXVariantGroup section */

/* Begin XCBuildConfiguration section */
		D9E8959823D0B27C0078117A /* Debug */ = {
			isa = XCBuildConfiguration;
			buildSettings = {
				ALWAYS_SEARCH_USER_PATHS = NO;
				CLANG_ANALYZER_NONNULL = YES;
				CLANG_ANALYZER_NUMBER_OBJECT_CONVERSION = YES_AGGRESSIVE;
				CLANG_CXX_LANGUAGE_STANDARD = "gnu++14";
				CLANG_CXX_LIBRARY = "libc++";
				CLANG_ENABLE_MODULES = YES;
				CLANG_ENABLE_OBJC_ARC = YES;
				CLANG_ENABLE_OBJC_WEAK = YES;
				CLANG_WARN_BLOCK_CAPTURE_AUTORELEASING = YES;
				CLANG_WARN_BOOL_CONVERSION = YES;
				CLANG_WARN_COMMA = YES;
				CLANG_WARN_CONSTANT_CONVERSION = YES;
				CLANG_WARN_DEPRECATED_OBJC_IMPLEMENTATIONS = YES;
				CLANG_WARN_DIRECT_OBJC_ISA_USAGE = YES_ERROR;
				CLANG_WARN_DOCUMENTATION_COMMENTS = YES;
				CLANG_WARN_EMPTY_BODY = YES;
				CLANG_WARN_ENUM_CONVERSION = YES;
				CLANG_WARN_INFINITE_RECURSION = YES;
				CLANG_WARN_INT_CONVERSION = YES;
				CLANG_WARN_NON_LITERAL_NULL_CONVERSION = YES;
				CLANG_WARN_OBJC_IMPLICIT_RETAIN_SELF = YES;
				CLANG_WARN_OBJC_LITERAL_CONVERSION = YES;
				CLANG_WARN_OBJC_ROOT_CLASS = YES_ERROR;
				CLANG_WARN_RANGE_LOOP_ANALYSIS = YES;
				CLANG_WARN_STRICT_PROTOTYPES = YES;
				CLANG_WARN_SUSPICIOUS_MOVE = YES;
				CLANG_WARN_UNGUARDED_AVAILABILITY = YES_AGGRESSIVE;
				CLANG_WARN_UNREACHABLE_CODE = YES;
				CLANG_WARN__DUPLICATE_METHOD_MATCH = YES;
				COPY_PHASE_STRIP = NO;
				DEBUG_INFORMATION_FORMAT = dwarf;
				ENABLE_STRICT_OBJC_MSGSEND = YES;
				ENABLE_TESTABILITY = YES;
				GCC_C_LANGUAGE_STANDARD = gnu11;
				GCC_DYNAMIC_NO_PIC = NO;
				GCC_NO_COMMON_BLOCKS = YES;
				GCC_OPTIMIZATION_LEVEL = 0;
				GCC_PREPROCESSOR_DEFINITIONS = (
					"DEBUG=1",
					"$(inherited)",
				);
				GCC_WARN_64_TO_32_BIT_CONVERSION = YES;
				GCC_WARN_ABOUT_RETURN_TYPE = YES_ERROR;
				GCC_WARN_UNDECLARED_SELECTOR = YES;
				GCC_WARN_UNINITIALIZED_AUTOS = YES_AGGRESSIVE;
				GCC_WARN_UNUSED_FUNCTION = YES;
				GCC_WARN_UNUSED_VARIABLE = YES;
				IPHONEOS_DEPLOYMENT_TARGET = 13.2;
				MTL_ENABLE_DEBUG_INFO = INCLUDE_SOURCE;
				MTL_FAST_MATH = YES;
				ONLY_ACTIVE_ARCH = YES;
				SDKROOT = iphoneos;
				SWIFT_ACTIVE_COMPILATION_CONDITIONS = DEBUG;
				SWIFT_OPTIMIZATION_LEVEL = "-Onone";
			};
			name = Debug;
		};
		D9E8959923D0B27C0078117A /* Release */ = {
			isa = XCBuildConfiguration;
			buildSettings = {
				ALWAYS_SEARCH_USER_PATHS = NO;
				CLANG_ANALYZER_NONNULL = YES;
				CLANG_ANALYZER_NUMBER_OBJECT_CONVERSION = YES_AGGRESSIVE;
				CLANG_CXX_LANGUAGE_STANDARD = "gnu++14";
				CLANG_CXX_LIBRARY = "libc++";
				CLANG_ENABLE_MODULES = YES;
				CLANG_ENABLE_OBJC_ARC = YES;
				CLANG_ENABLE_OBJC_WEAK = YES;
				CLANG_WARN_BLOCK_CAPTURE_AUTORELEASING = YES;
				CLANG_WARN_BOOL_CONVERSION = YES;
				CLANG_WARN_COMMA = YES;
				CLANG_WARN_CONSTANT_CONVERSION = YES;
				CLANG_WARN_DEPRECATED_OBJC_IMPLEMENTATIONS = YES;
				CLANG_WARN_DIRECT_OBJC_ISA_USAGE = YES_ERROR;
				CLANG_WARN_DOCUMENTATION_COMMENTS = YES;
				CLANG_WARN_EMPTY_BODY = YES;
				CLANG_WARN_ENUM_CONVERSION = YES;
				CLANG_WARN_INFINITE_RECURSION = YES;
				CLANG_WARN_INT_CONVERSION = YES;
				CLANG_WARN_NON_LITERAL_NULL_CONVERSION = YES;
				CLANG_WARN_OBJC_IMPLICIT_RETAIN_SELF = YES;
				CLANG_WARN_OBJC_LITERAL_CONVERSION = YES;
				CLANG_WARN_OBJC_ROOT_CLASS = YES_ERROR;
				CLANG_WARN_RANGE_LOOP_ANALYSIS = YES;
				CLANG_WARN_STRICT_PROTOTYPES = YES;
				CLANG_WARN_SUSPICIOUS_MOVE = YES;
				CLANG_WARN_UNGUARDED_AVAILABILITY = YES_AGGRESSIVE;
				CLANG_WARN_UNREACHABLE_CODE = YES;
				CLANG_WARN__DUPLICATE_METHOD_MATCH = YES;
				COPY_PHASE_STRIP = NO;
				DEBUG_INFORMATION_FORMAT = "dwarf-with-dsym";
				ENABLE_NS_ASSERTIONS = NO;
				ENABLE_STRICT_OBJC_MSGSEND = YES;
				GCC_C_LANGUAGE_STANDARD = gnu11;
				GCC_NO_COMMON_BLOCKS = YES;
				GCC_WARN_64_TO_32_BIT_CONVERSION = YES;
				GCC_WARN_ABOUT_RETURN_TYPE = YES_ERROR;
				GCC_WARN_UNDECLARED_SELECTOR = YES;
				GCC_WARN_UNINITIALIZED_AUTOS = YES_AGGRESSIVE;
				GCC_WARN_UNUSED_FUNCTION = YES;
				GCC_WARN_UNUSED_VARIABLE = YES;
				IPHONEOS_DEPLOYMENT_TARGET = 13.2;
				MTL_ENABLE_DEBUG_INFO = NO;
				MTL_FAST_MATH = YES;
				SDKROOT = iphoneos;
				SWIFT_COMPILATION_MODE = wholemodule;
				SWIFT_OPTIMIZATION_LEVEL = "-O";
				VALIDATE_PRODUCT = YES;
			};
			name = Release;
		};
		D9E8959B23D0B27C0078117A /* Debug */ = {
			isa = XCBuildConfiguration;
			buildSettings = {
				ASSETCATALOG_COMPILER_APPICON_NAME = AppIcon;
				CODE_SIGN_STYLE = Automatic;
				DEVELOPMENT_TEAM = F8Q38FUM5R;
				INFOPLIST_FILE = YouTube/Info.plist;
				LD_RUNPATH_SEARCH_PATHS = (
					"$(inherited)",
					"@executable_path/Frameworks",
				);
				PRODUCT_BUNDLE_IDENTIFIER = com.myanmy.YouTube;
				PRODUCT_NAME = YouTube;
				SWIFT_VERSION = 5.0;
				TARGETED_DEVICE_FAMILY = "1,2";
			};
			name = Debug;
		};
		D9E8959C23D0B27C0078117A /* Release */ = {
			isa = XCBuildConfiguration;
			buildSettings = {
				ASSETCATALOG_COMPILER_APPICON_NAME = AppIcon;
				CODE_SIGN_STYLE = Automatic;
				DEVELOPMENT_TEAM = F8Q38FUM5R;
				INFOPLIST_FILE = YouTube/Info.plist;
				LD_RUNPATH_SEARCH_PATHS = (
					"$(inherited)",
					"@executable_path/Frameworks",
				);
				PRODUCT_BUNDLE_IDENTIFIER = com.myanmy.YouTube;
				PRODUCT_NAME = YouTube;
				SWIFT_VERSION = 5.0;
				TARGETED_DEVICE_FAMILY = "1,2";
			};
			name = Release;
		};
/* End XCBuildConfiguration section */

/* Begin XCConfigurationList section */
		D9E8958123D0B2790078117A /* Build configuration list for PBXProject "YouTube" */ = {
			isa = XCConfigurationList;
			buildConfigurations = (
				D9E8959823D0B27C0078117A /* Debug */,
				D9E8959923D0B27C0078117A /* Release */,
			);
			defaultConfigurationIsVisible = 0;
			defaultConfigurationName = Release;
		};
		D9E8959A23D0B27C0078117A /* Build configuration list for PBXNativeTarget "YouTube" */ = {
			isa = XCConfigurationList;
			buildConfigurations = (
				D9E8959B23D0B27C0078117A /* Debug */,
				D9E8959C23D0B27C0078117A /* Release */,
			);
			defaultConfigurationIsVisible = 0;
			defaultConfigurationName = Release;
		};
/* End XCConfigurationList section */
	};
	rootObject = D9E8957E23D0B2790078117A /* Project object */;
}
